
Microsoft Visual Studio Solution File, Format Version 12.00
# Visual Studio Version 17
VisualStudioVersion = 17.14.36301.6 d17.14
MinimumVisualStudioVersion = 10.0.40219.1
Project("{FAE04EC0-301F-11D3-BF4B-00C04F79EFBC}") = "ConsoleApp1", "ConsoleApp1.csproj", "{E669EF78-0C94-47A4-98AD-2AA9B3132375}"
EndProject
Global
	GlobalSection(SolutionConfigurationPlatforms) = preSolution
		Debug|Any CPU = Debug|Any CPU
		Release|Any CPU = Release|Any CPU
	EndGlobalSection
	GlobalSection(ProjectConfigurationPlatforms) = postSolution
		{E669EF78-0C94-47A4-98AD-2AA9B3132375}.Debug|Any CPU.ActiveCfg = Debug|Any CPU
		{E669EF78-0C94-47A4-98AD-2AA9B3132375}.Debug|Any CPU.Build.0 = Debug|Any CPU
		{E669EF78-0C94-47A4-98AD-2AA9B3132375}.Release|Any CPU.ActiveCfg = Release|Any CPU
		{E669EF78-0C94-47A4-98AD-2AA9B3132375}.Release|Any CPU.Build.0 = Release|Any CPU
	EndGlobalSection
	GlobalSection(SolutionProperties) = preSolution
		HideSolutionNode = FALSE
	EndGlobalSection
	GlobalSection(ExtensibilityGlobals) = postSolution
		SolutionGuid = {1FBD13D3-A307-4DF4-8588-CB640BBF466B}
	EndGlobalSection
EndGlobal
